dependencies:
- name: prometheus
  repository: https://prometheus-community.github.io/helm-charts
  version: 25.27.0
- name: clickhouse-serverless
  repository: file://../clickhouse-serverless
  version: 0.2.0
- name: langwatch-gateway
  repository: file://../gateway
  version: 3.3.1
digest: sha256:d7c38aca3d74f0198a62b2166444f17ac36fc643906ee3c2fc547ebe71edfe6b
generated: "2026-05-06T13:22:26.117166563Z"
